
Microsoft Visual Studio Solution File, Format Version 12.00
# Visual Studio 15
VisualStudioVersion = 15.0.27130.2024
MinimumVisualStudioVersion = 10.0.40219.1
Project("{FAE04EC0-301F-11D3-BF4B-00C04F79EFBC}") = "AspNetMVC", "AspNetMVC\AspNetMVC.csproj", "{2130E17C-4271-4625-A285-98BB0A51F0D4}"
EndProject
Global
	GlobalSection(SolutionConfigurationPlatforms) = preSolution
		Debug|Any CPU = Debug|Any CPU
		Release|Any CPU = Release|Any CPU
	EndGlobalSection
	GlobalSection(ProjectConfigurationPlatforms) = postSolution
		{2130E17C-4271-4625-A285-98BB0A51F0D4}.Debug|Any CPU.ActiveCfg = Debug|Any CPU
		{2130E17C-4271-4625-A285-98BB0A51F0D4}.Debug|Any CPU.Build.0 = Debug|Any CPU
		{2130E17C-4271-4625-A285-98BB0A51F0D4}.Release|Any CPU.ActiveCfg = Release|Any CPU
		{2130E17C-4271-4625-A285-98BB0A51F0D4}.Release|Any CPU.Build.0 = Release|Any CPU
	EndGlobalSection
	GlobalSection(SolutionProperties) = preSolution
		HideSolutionNode = FALSE
	EndGlobalSection
	GlobalSection(ExtensibilityGlobals) = postSolution
		SolutionGuid = {5DFC4EC3-92B2-4B50-BAF2-A31093CDFC9B}
	EndGlobalSection
EndGlobal
